{
    "_meta": {
        "hash": {
            "sha256": "ce15fa8b28f9a98f9d589395b3a1b47565cf55f515f4f4e378533855d1b13632"
        },
        "pipfile-spec": 6,
        "requires": {
            "python_version": "3.8"
        },
        "sources": [
            {
                "name": "pypi",
                "url": "https://pypi.org/simple",
                "verify_ssl": true
            }
        ]
    },
    "default": {
        "appdirs": {
            "hashes": [
                "sha256:7d5d0167b2b1ba821647616af46a749d1c653740dd0d2415100fe26e27afdf41",
                "sha256:a841dacd6b99318a741b166adb07e19ee71a274450e68237b4650ca1055ab128"
            ],
            "version": "==1.4.4"
        },
        "backcall": {
            "hashes": [
                "sha256:5cbdbf27be5e7cfadb448baf0aa95508f91f2bbc6c6437cd9cd06e2a4c215e1e",
                "sha256:fbbce6a29f263178a1f7915c1940bde0ec2b2a967566fe1c65c1dfb7422bd255"
            ],
            "version": "==0.2.0"
        },
        "black": {
            "hashes": [
                "sha256:1c02557aa099101b9d21496f8a914e9ed2222ef70336404eeeac8edba836fbea"
            ],
            "index": "pypi",
            "version": "==20.8b1"
        },
        "click": {
            "hashes": [
                "sha256:d2b5255c7c6349bc1bd1e59e08cd12acbbd63ce649f2588755783aa94dfb6b1a",
                "sha256:dacca89f4bfadd5de3d7489b7c8a566eee0d3676333fbb50030263894c38c0dc"
            ],
            "version": "==7.1.2"
        },
        "decorator": {
            "hashes": [
                "sha256:41fa54c2a0cc4ba648be4fd43cff00aedf5b9465c9bf18d64325bc225f08f760",
                "sha256:e3a62f0520172440ca0dcc823749319382e377f37f140a0b99ef45fecb84bfe7"
            ],
            "version": "==4.4.2"
        },
        "dnspython": {
            "hashes": [
                "sha256:044af09374469c3a39eeea1a146e8cac27daec951f1f1f157b1962fc7cb9d1b7",
                "sha256:40bb3c24b9d4ec12500f0124288a65df232a3aa749bb0c39734b782873a2544d"
            ],
            "index": "pypi",
            "version": "==2.0.0"
        },
        "email-validator": {
            "hashes": [
                "sha256:5f246ae8d81ce3000eade06595b7bb55a4cf350d559e890182a1466a21f25067",
                "sha256:63094045c3e802c3d3d575b18b004a531c36243ca8d1cec785ff6bfcb04185bb"
            ],
            "version": "==1.1.1"
        },
        "fastapi": {
            "hashes": [
                "sha256:61ed73b4304413a2ea618d1b95ea866ee386e0e62dd8659c4f5059286f4a39c2",
                "sha256:6cc31bb555dd8ca956d1d227477d661e4ac012337242a41d36214ffbda78bfe9"
            ],
            "index": "pypi",
            "version": "==0.61.1"
        },
        "gunicorn": {
            "hashes": [
                "sha256:1904bb2b8a43658807108d59c3f3d56c2b6121a701161de0ddf9ad140073c626",
                "sha256:cd4a810dd51bf497552cf3f863b575dabd73d6ad6a91075b65936b151cbf4f9c"
            ],
            "index": "pypi",
            "version": "==20.0.4"
        },
        "h11": {
            "hashes": [
                "sha256:33d4bca7be0fa039f4e84d50ab00531047e53d6ee8ffbc83501ea602c169cae1",
                "sha256:4bc6d6a1238b7615b266ada57e0618568066f57dd6fa967d1290ec9309b2f2f1"
            ],
            "version": "==0.9.0"
        },
        "httptools": {
            "hashes": [
                "sha256:0a4b1b2012b28e68306575ad14ad5e9120b34fccd02a81eb08838d7e3bbb48be",
                "sha256:3592e854424ec94bd17dc3e0c96a64e459ec4147e6d53c0a42d0ebcef9cb9c5d",
                "sha256:41b573cf33f64a8f8f3400d0a7faf48e1888582b6f6e02b82b9bd4f0bf7497ce",
                "sha256:56b6393c6ac7abe632f2294da53f30d279130a92e8ae39d8d14ee2e1b05ad1f2",
                "sha256:86c6acd66765a934e8730bf0e9dfaac6fdcf2a4334212bd4a0a1c78f16475ca6",
                "sha256:96da81e1992be8ac2fd5597bf0283d832287e20cb3cfde8996d2b00356d4e17f",
                "sha256:96eb359252aeed57ea5c7b3d79839aaa0382c9d3149f7d24dd7172b1bcecb009",
                "sha256:a2719e1d7a84bb131c4f1e0cb79705034b48de6ae486eb5297a139d6a3296dce",
                "sha256:ac0aa11e99454b6a66989aa2d44bca41d4e0f968e395a0a8f164b401fefe359a",
                "sha256:bc3114b9edbca5a1eb7ae7db698c669eb53eb8afbbebdde116c174925260849c",
                "sha256:fa3cd71e31436911a44620473e873a256851e1f53dee56669dae403ba41756a4",
                "sha256:fea04e126014169384dee76a153d4573d90d0cbd1d12185da089f73c78390437"
            ],
            "markers": "sys_platform != 'win32' and sys_platform != 'cygwin' and platform_python_implementation != 'PyPy'",
            "version": "==0.1.1"
        },
        "idna": {
            "hashes": [
                "sha256:b307872f855b18632ce0c21c5e45be78c0ea7ae4c15c828c20788b26921eb3f6",
                "sha256:b97d804b1e9b523befed77c48dacec60e6dcb0b5391d57af6a65a312a90648c0"
            ],
            "version": "==2.10"
        },
        "ipython": {
            "hashes": [
                "sha256:2e22c1f74477b5106a6fb301c342ab8c64bb75d702e350f05a649e8cb40a0fb8",
                "sha256:a331e78086001931de9424940699691ad49dfb457cea31f5471eae7b78222d5e"
            ],
            "index": "pypi",
            "version": "==7.18.1"
        },
        "ipython-genutils": {
            "hashes": [
                "sha256:72dd37233799e619666c9f639a9da83c34013a73e8bbc79a7a6348d93c61fab8",
                "sha256:eb2e116e75ecef9d4d228fdc66af54269afa26ab4463042e33785b887c628ba8"
            ],
            "version": "==0.2.0"
        },
        "jedi": {
            "hashes": [
                "sha256:86ed7d9b750603e4ba582ea8edc678657fb4007894a12bcf6f4bb97892f31d20",
                "sha256:98cc583fa0f2f8304968199b01b6b4b94f469a1f4a74c1560506ca2a211378b5"
            ],
            "version": "==0.17.2"
        },
        "motor": {
            "hashes": [
                "sha256:428d94750123d19fcd0a89b8671ff9b4656f205217bad9f44161748c64c5fc80",
                "sha256:f1692b760d834707e3477996ce8d407af8cd61c1a2abedbf81c22ef14675e61a"
            ],
            "index": "pypi",
            "version": "==2.3.0"
        },
        "mypy-extensions": {
            "hashes": [
                "sha256:090fedd75945a69ae91ce1303b5824f428daf5a028d2f6ab8a299250a846f15d",
                "sha256:2d82818f5bb3e369420cb3c4060a7970edba416647068eb4c5343488a6c604a8"
            ],
            "version": "==0.4.3"
        },
        "orjson": {
            "hashes": [
                "sha256:132766446e6ff0ad9d13cd550cfc15d078ca3d2c6d5277517897da91d12e39df",
                "sha256:1e957d1ab0ea3e4a4706cfa8f00a3a672dda7959607c231b6acb0b15ce35d52e",
                "sha256:24dd09562ec383ddd77e9f82b9d604ea3a300643b2fd5beaf9a0b21d77e52be2",
                "sha256:2dcfc744cad7dceee7fca55ebdca91cc79e14223acc76423f0f4017e7a2676c9",
                "sha256:48238a0a2696c4f082d5432802064b4a63849cce3fc81ea80d9517f5cfeda138",
                "sha256:4a757ee2154b09631d272e63bd35c549f876ce5425dd154446dff0e1ef603429",
                "sha256:4fc25cd9f81de2b6e55fa7e5563973a1d47c05c86fbaf9124b1b74a08df65929",
                "sha256:5b7db73d295d75a25c4f3a120e141d182cbcbb240d07c1b006655269bb802508",
                "sha256:5ed087b0de8c8fad29d0b776d5c3287644271159e85efe2fbd745ebc0cb81697",
                "sha256:86c005a10b626e1be5392a439774cf79f920a6e90f49dcd708aa6adc0c2f3fb3",
                "sha256:af526fa8f4e4ac6ba953bf50bb384928a7d4a2849180c21593cdd3e08060f8ca",
                "sha256:b326c47e19c939ee770c377d72d7595eefc21bf3b08864fcb82f46d433a0069f",
                "sha256:e7c2920f66ee994cef285e93b81bee08935803b4f322bee77d0353a33746f778",
                "sha256:ec84a7c0703fab8b4feecac19a5fb92156ae402fc8952a961ecbf1cdac1ef5c0",
                "sha256:fd1bf6ab3b12020531a153e77d8468d7febf0efa6e36a64a06e08e5c02d2d707"
            ],
            "index": "pypi",
            "version": "==3.4.0"
        },
        "parso": {
            "hashes": [
                "sha256:97218d9159b2520ff45eb78028ba8b50d2bc61dcc062a9682666f2dc4bd331ea",
                "sha256:caba44724b994a8a5e086460bb212abc5a8bc46951bf4a9a1210745953622eb9"
            ],
            "version": "==0.7.1"
        },
        "pathspec": {
            "hashes": [
                "sha256:7d91249d21749788d07a2d0f94147accd8f845507400749ea19c1ec9054a12b0",
                "sha256:da45173eb3a6f2a5a487efba21f050af2b41948be6ab52b6a1e3ff22bb8b7061"
            ],
            "version": "==0.8.0"
        },
        "pexpect": {
            "hashes": [
                "sha256:0b48a55dcb3c05f3329815901ea4fc1537514d6ba867a152b581d69ae3710937",
                "sha256:fc65a43959d153d0114afe13997d439c22823a27cefceb5ff35c2178c6784c0c"
            ],
            "markers": "sys_platform != 'win32'",
            "version": "==4.8.0"
        },
        "pickleshare": {
            "hashes": [
                "sha256:87683d47965c1da65cdacaf31c8441d12b8044cdec9aca500cd78fc2c683afca",
                "sha256:9649af414d74d4df115d5d718f82acb59c9d418196b7b4290ed47a12ce62df56"
            ],
            "version": "==0.7.5"
        },
        "prompt-toolkit": {
            "hashes": [
                "sha256:822f4605f28f7d2ba6b0b09a31e25e140871e96364d1d377667b547bb3bf4489",
                "sha256:83074ee28ad4ba6af190593d4d4c607ff525272a504eb159199b6dd9f950c950"
            ],
            "version": "==3.0.7"
        },
        "ptyprocess": {
            "hashes": [
                "sha256:923f299cc5ad920c68f2bc0bc98b75b9f838b93b599941a6b63ddbc2476394c0",
                "sha256:d7cc528d76e76342423ca640335bd3633420dc1366f258cb31d05e865ef5ca1f"
            ],
            "version": "==0.6.0"
        },
        "pydantic": {
            "extras": [
                "email"
            ],
            "hashes": [
                "sha256:1783c1d927f9e1366e0e0609ae324039b2479a1a282a98ed6a6836c9ed02002c",
                "sha256:2dc946b07cf24bee4737ced0ae77e2ea6bc97489ba5a035b603bd1b40ad81f7e",
                "sha256:2de562a456c4ecdc80cf1a8c3e70c666625f7d02d89a6174ecf63754c734592e",
                "sha256:36dbf6f1be212ab37b5fda07667461a9219c956181aa5570a00edfb0acdfe4a1",
                "sha256:3fa799f3cfff3e5f536cbd389368fc96a44bb30308f258c94ee76b73bd60531d",
                "sha256:40d765fa2d31d5be8e29c1794657ad46f5ee583a565c83cea56630d3ae5878b9",
                "sha256:418b84654b60e44c0cdd5384294b0e4bc1ebf42d6e873819424f3b78b8690614",
                "sha256:4900b8820b687c9a3ed753684337979574df20e6ebe4227381d04b3c3c628f99",
                "sha256:530d7222a2786a97bc59ee0e0ebbe23728f82974b1f1ad9a11cd966143410633",
                "sha256:54122a8ed6b75fe1dd80797f8251ad2063ea348a03b77218d73ea9fe19bd4e73",
                "sha256:6c3f162ba175678218629f446a947e3356415b6b09122dcb364e58c442c645a7",
                "sha256:b49c86aecde15cde33835d5d6360e55f5e0067bb7143a8303bf03b872935c75b",
                "sha256:b5b3489cb303d0f41ad4a7390cf606a5f2c7a94dcba20c051cd1c653694cb14d",
                "sha256:cf3933c98cb5e808b62fae509f74f209730b180b1e3c3954ee3f7949e083a7df",
                "sha256:eb75dc1809875d5738df14b6566ccf9fd9c0bcde4f36b72870f318f16b9f5c20",
                "sha256:f769141ab0abfadf3305d4fcf36660e5cf568a666dd3efab7c3d4782f70946b1",
                "sha256:f8af9b840a9074e08c0e6dc93101de84ba95df89b267bf7151d74c553d66833b"
            ],
            "index": "pypi",
            "version": "==1.6.1"
        },
        "pygments": {
            "hashes": [
                "sha256:307543fe65c0947b126e83dd5a61bd8acbd84abec11f43caebaf5534cbc17998",
                "sha256:926c3f319eda178d1bd90851e4317e6d8cdb5e292a3386aac9bd75eca29cf9c7"
            ],
            "version": "==2.7.1"
        },
        "pyjwt": {
            "hashes": [
                "sha256:5c6eca3c2940464d106b99ba83b00c6add741c9becaec087fb7ccdefea71350e",
                "sha256:8d59a976fb773f3e6a39c85636357c4f0e242707394cadadd9814f5cbaa20e96"
            ],
            "index": "pypi",
            "version": "==1.7.1"
        },
        "pymongo": {
            "hashes": [
                "sha256:03dc64a9aa7a5d405aea5c56db95835f6a2fa31b3502c5af1760e0e99210be30",
                "sha256:05fcc6f9c60e6efe5219fbb5a30258adb3d3e5cbd317068f3d73c09727f2abb6",
                "sha256:076a7f2f7c251635cf6116ac8e45eefac77758ee5a77ab7bd2f63999e957613b",
                "sha256:137e6fa718c7eff270dbd2fc4b90d94b1a69c9e9eb3f3de9e850a7fd33c822dc",
                "sha256:1f865b1d1c191d785106f54df9abdc7d2f45a946b45fd1ea0a641b4f982a2a77",
                "sha256:213c445fe7e654621c6309e874627c35354b46ef3ee807f5a1927dc4b30e1a67",
                "sha256:25e617daf47d8dfd4e152c880cd0741cbdb48e51f54b8de9ddbfe74ecd87dd16",
                "sha256:3d9bb1ba935a90ec4809a8031efd988bdb13cdba05d9e9a3e9bf151bf759ecde",
                "sha256:40696a9a53faa7d85aaa6fd7bef1cae08f7882640bad08c350fb59dee7ad069b",
                "sha256:421aa1b92c291c429668bd8d8d8ec2bd00f183483a756928e3afbf2b6f941f00",
                "sha256:4437300eb3a5e9cc1a73b07d22c77302f872f339caca97e9bf8cf45eca8fa0d2",
                "sha256:455f4deb00158d5ec8b1d3092df6abb681b225774ab8a59b3510293b4c8530e3",
                "sha256:475a34a0745c456ceffaec4ce86b7e0983478f1b6140890dff7b161e7bcd895b",
                "sha256:4797c0080f41eba90404335e5ded3aa66731d303293a675ff097ce4ea3025bb9",
                "sha256:4ae23fbbe9eadf61279a26eba866bbf161a6f7e2ffad14a42cf20e9cb8e94166",
                "sha256:4b32744901ee9990aa8cd488ec85634f443526def1e5190a407dc107148249d7",
                "sha256:50127b13b38e8e586d5e97d342689405edbd74ad0bd891d97ee126a8c7b6e45f",
                "sha256:50531caa7b4be1c4ed5e2d5793a4e51cc9bd62a919a6fd3299ef7c902e206eab",
                "sha256:68220b81850de8e966d4667d5c325a96c6ac0d6adb3d18935d6e3d325d441f48",
                "sha256:689142dc0c150e9cb7c012d84cac2c346d40beb891323afb6caf18ec4caafae0",
                "sha256:6a15e2bee5c4188369a87ed6f02de804651152634a46cca91966a11c8abd2550",
                "sha256:7122ffe597b531fb065d3314e704a6fe152b81820ca5f38543e70ffcc95ecfd4",
                "sha256:7307024b18266b302f4265da84bb1effb5d18999ef35b30d17592959568d5c0a",
                "sha256:7a4a6f5b818988a3917ec4baa91d1143242bdfece8d38305020463955961266a",
                "sha256:83c5a3ecd96a9f3f11cfe6dfcbcec7323265340eb24cc996acaecea129865a3a",
                "sha256:890b0f1e18dbd898aeb0ab9eae1ab159c6bcbe87f0abb065b0044581d8614062",
                "sha256:8deda1f7b4c03242f2a8037706d9584e703f3d8c74d6d9cac5833db36fe16c42",
                "sha256:8ea13d0348b4c96b437d944d7068d59ed4a6c98aaa6c40d8537a2981313f1c66",
                "sha256:91e96bf85b7c07c827d339a386e8a3cf2e90ef098c42595227f729922d0851df",
                "sha256:96782ebb3c9e91e174c333208b272ea144ed2a684413afb1038e3b3342230d72",
                "sha256:9755c726aa6788f076114dfdc03b92b03ff8860316cca00902cce88bcdb5fedd",
                "sha256:9dbab90c348c512e03f146e93a5e2610acec76df391043ecd46b6b775d5397e6",
                "sha256:9ee0eef254e340cc11c379f797af3977992a7f2c176f1a658740c94bf677e13c",
                "sha256:9fc17fdac8f1973850d42e51e8ba6149d93b1993ed6768a24f352f926dd3d587",
                "sha256:a2787319dc69854acdfd6452e6a8ba8f929aeb20843c7f090e04159fc18e6245",
                "sha256:b7c522292407fa04d8195032493aac937e253ad9ae524aab43b9d9d242571f03",
                "sha256:bd312794f51e37dcf77f013d40650fe4fbb211dd55ef2863839c37480bd44369",
                "sha256:c0d660a186e36c526366edf8a64391874fe53cf8b7039224137aee0163c046df",
                "sha256:c4869141e20769b65d2d72686e7a7eb141ce9f3168106bed3e7dcced54eb2422",
                "sha256:cc4057f692ac35bbe82a0a908d42ce3a281c9e913290fac37d7fa3bd01307dfb",
                "sha256:cccf1e7806f12300e3a3b48f219e111000c2538483e85c869c35c1ae591e6ce9",
                "sha256:ce208f80f398522e49d9db789065c8ad2cd37b21bd6b23d30053474b7416af11",
                "sha256:d0565481dc196986c484a7fb13214fc6402201f7fb55c65fd215b3324962fe6c",
                "sha256:d1b3366329c45a474b3bbc9b9c95d4c686e03f35da7fd12bc144626d1f2a7c04",
                "sha256:d226e0d4b9192d95079a9a29c04dd81816b1ce8903b8c174a39224fe978547cb",
                "sha256:d38b35f6eef4237b1d0d8e845fc1546dad85c55eba447e28c211da8c7ef9697c",
                "sha256:d64c98277ea80e4484f1332ab107e8dfd173a7dcf1bdbf10a9cccc97aaab145f",
                "sha256:d9de8427a5601799784eb0e7fa1b031aa64086ce04de29df775a8ca37eedac41",
                "sha256:e6a15cf8f887d9f578dd49c6fb3a99d53e1d922fdd67a245a67488d77bf56eb2",
                "sha256:e8c446882cbb3774cd78c738c9f58220606b702b7c1655f1423357dc51674054",
                "sha256:e8d188ee39bd0ffe76603da887706e4e7b471f613625899ddf1e27867dc6a0d3",
                "sha256:ef76535776c0708a85258f6dc51d36a2df12633c735f6d197ed7dfcaa7449b99",
                "sha256:f6efca006a81e1197b925a7d7b16b8f61980697bb6746587aad8842865233218"
            ],
            "index": "pypi",
            "version": "==3.11.0"
        },
        "regex": {
            "hashes": [
                "sha256:088afc8c63e7bd187a3c70a94b9e50ab3f17e1d3f52a32750b5b77dbe99ef5ef",
                "sha256:1fe0a41437bbd06063aa184c34804efa886bcc128222e9916310c92cd54c3b4c",
                "sha256:41bb65f54bba392643557e617316d0d899ed5b4946dccee1cb6696152b29844b",
                "sha256:4318d56bccfe7d43e5addb272406ade7a2274da4b70eb15922a071c58ab0108c",
                "sha256:4707f3695b34335afdfb09be3802c87fa0bc27030471dbc082f815f23688bc63",
                "sha256:5533a959a1748a5c042a6da71fe9267a908e21eded7a4f373efd23a2cbdb0ecc",
                "sha256:5f18875ac23d9aa2f060838e8b79093e8bb2313dbaaa9f54c6d8e52a5df097be",
                "sha256:60b0e9e6dc45683e569ec37c55ac20c582973841927a85f2d8a7d20ee80216ab",
                "sha256:84e9407db1b2eb368b7ecc283121b5e592c9aaedbe8c78b1a2f1102eb2e21d19",
                "sha256:8d69cef61fa50c8133382e61fd97439de1ae623fe943578e477e76a9d9471637",
                "sha256:9a02d0ae31d35e1ec12a4ea4d4cca990800f66a917d0fb997b20fbc13f5321fc",
                "sha256:9bc13e0d20b97ffb07821aa3e113f9998e84994fe4d159ffa3d3a9d1b805043b",
                "sha256:a6f32aea4260dfe0e55dc9733ea162ea38f0ea86aa7d0f77b15beac5bf7b369d",
                "sha256:ae91972f8ac958039920ef6e8769277c084971a142ce2b660691793ae44aae6b",
                "sha256:c570f6fa14b9c4c8a4924aaad354652366577b4f98213cf76305067144f7b100",
                "sha256:d23a18037313714fb3bb5a94434d3151ee4300bae631894b1ac08111abeaa4a3",
                "sha256:eaf548d117b6737df379fdd53bdde4f08870e66d7ea653e230477f071f861121",
                "sha256:ebbe29186a3d9b0c591e71b7393f1ae08c83cb2d8e517d2a822b8f7ec99dfd8b",
                "sha256:eda4771e0ace7f67f58bc5b560e27fb20f32a148cbc993b0c3835970935c2707",
                "sha256:f1b3afc574a3db3b25c89161059d857bd4909a1269b0b3cb3c904677c8c4a3f7",
                "sha256:f2388013e68e750eaa16ccbea62d4130180c26abb1d8e5d584b9baf69672b30f"
            ],
            "version": "==2020.9.27"
        },
        "starlette": {
            "hashes": [
                "sha256:bd2ffe5e37fb75d014728511f8e68ebf2c80b0fa3d04ca1479f4dc752ae31ac9",
                "sha256:ebe8ee08d9be96a3c9f31b2cb2a24dbdf845247b745664bd8a3f9bd0c977fdbc"
            ],
            "version": "==0.13.6"
        },
        "toml": {
            "hashes": [
                "sha256:926b612be1e5ce0634a2ca03470f95169cf16f939018233a670519cb4ac58b0f",
                "sha256:bda89d5935c2eac546d648028b9901107a595863cb36bae0c73ac804a9b4ce88"
            ],
            "version": "==0.10.1"
        },
        "traitlets": {
            "hashes": [
                "sha256:86c9351f94f95de9db8a04ad8e892da299a088a64fd283f9f6f18770ae5eae1b",
                "sha256:9664ec0c526e48e7b47b7d14cd6b252efa03e0129011de0a9c1d70315d4309c3"
            ],
            "version": "==5.0.4"
        },
        "typed-ast": {
            "hashes": [
                "sha256:0666aa36131496aed8f7be0410ff974562ab7eeac11ef351def9ea6fa28f6355",
                "sha256:0c2c07682d61a629b68433afb159376e24e5b2fd4641d35424e462169c0a7919",
                "sha256:249862707802d40f7f29f6e1aad8d84b5aa9e44552d2cc17384b209f091276aa",
                "sha256:24995c843eb0ad11a4527b026b4dde3da70e1f2d8806c99b7b4a7cf491612652",
                "sha256:269151951236b0f9a6f04015a9004084a5ab0d5f19b57de779f908621e7d8b75",
                "sha256:4083861b0aa07990b619bd7ddc365eb7fa4b817e99cf5f8d9cf21a42780f6e01",
                "sha256:498b0f36cc7054c1fead3d7fc59d2150f4d5c6c56ba7fb150c013fbc683a8d2d",
                "sha256:4e3e5da80ccbebfff202a67bf900d081906c358ccc3d5e3c8aea42fdfdfd51c1",
                "sha256:6daac9731f172c2a22ade6ed0c00197ee7cc1221aa84cfdf9c31defeb059a907",
                "sha256:715ff2f2df46121071622063fc7543d9b1fd19ebfc4f5c8895af64a77a8c852c",
                "sha256:73d785a950fc82dd2a25897d525d003f6378d1cb23ab305578394694202a58c3",
                "sha256:8c8aaad94455178e3187ab22c8b01a3837f8ee50e09cf31f1ba129eb293ec30b",
                "sha256:8ce678dbaf790dbdb3eba24056d5364fb45944f33553dd5869b7580cdbb83614",
                "sha256:aaee9905aee35ba5905cfb3c62f3e83b3bec7b39413f0a7f19be4e547ea01ebb",
                "sha256:bcd3b13b56ea479b3650b82cabd6b5343a625b0ced5429e4ccad28a8973f301b",
                "sha256:c9e348e02e4d2b4a8b2eedb48210430658df6951fa484e59de33ff773fbd4b41",
                "sha256:d205b1b46085271b4e15f670058ce182bd1199e56b317bf2ec004b6a44f911f6",
                "sha256:d43943ef777f9a1c42bf4e552ba23ac77a6351de620aa9acf64ad54933ad4d34",
                "sha256:d5d33e9e7af3b34a40dc05f498939f0ebf187f07c385fd58d591c533ad8562fe",
                "sha256:fc0fea399acb12edbf8a628ba8d2312f583bdbdb3335635db062fa98cf71fca4",
                "sha256:fe460b922ec15dd205595c9b5b99e2f056fd98ae8f9f56b888e7a17dc2b757e7"
            ],
            "version": "==1.4.1"
        },
        "typer": {
            "hashes": [
                "sha256:5455d750122cff96745b0dec87368f56d023725a7ebc9d2e54dd23dc86816303",
                "sha256:ba58b920ce851b12a2d790143009fa00ac1d05b3ff3257061ff69dbdfc3d161b"
            ],
            "index": "pypi",
            "version": "==0.3.2"
        },
        "typing-extensions": {
            "hashes": [
                "sha256:7cb407020f00f7bfc3cb3e7881628838e69d8f3fcab2f64742a5e76b2f841918",
                "sha256:99d4073b617d30288f569d3f13d2bd7548c3a7e4c8de87db09a9d29bb3a4a60c",
                "sha256:dafc7639cde7f1b6e1acc0f457842a83e722ccca8eef5270af2d74792619a89f"
            ],
            "version": "==3.7.4.3"
        },
        "uvicorn": {
            "hashes": [
                "sha256:46a83e371f37ea7ff29577d00015f02c942410288fb57def6440f2653fff1d26",
                "sha256:4b70ddb4c1946e39db9f3082d53e323dfd50634b95fd83625d778729ef1730ef"
            ],
            "index": "pypi",
            "version": "==0.11.8"
        },
        "uvloop": {
            "hashes": [
                "sha256:08b109f0213af392150e2fe6f81d33261bb5ce968a288eb698aad4f46eb711bd",
                "sha256:123ac9c0c7dd71464f58f1b4ee0bbd81285d96cdda8bc3519281b8973e3a461e",
                "sha256:4315d2ec3ca393dd5bc0b0089d23101276778c304d42faff5dc4579cb6caef09",
                "sha256:4544dcf77d74f3a84f03dd6278174575c44c67d7165d4c42c71db3fdc3860726",
                "sha256:afd5513c0ae414ec71d24f6f123614a80f3d27ca655a4fcf6cabe50994cc1891",
                "sha256:b4f591aa4b3fa7f32fb51e2ee9fea1b495eb75b0b3c8d0ca52514ad675ae63f7",
                "sha256:bcac356d62edd330080aed082e78d4b580ff260a677508718f88016333e2c9c5",
                "sha256:e7514d7a48c063226b7d06617cbb12a14278d4323a065a8d46a7962686ce2e95",
                "sha256:f07909cd9fc08c52d294b1570bba92186181ca01fe3dc9ffba68955273dd7362"
            ],
            "markers": "sys_platform != 'win32' and sys_platform != 'cygwin' and platform_python_implementation != 'PyPy'",
            "version": "==0.14.0"
        },
        "wcwidth": {
            "hashes": [
                "sha256:beb4802a9cebb9144e99086eff703a642a13d6a0052920003a230f3294bbe784",
                "sha256:c4d647b99872929fdb7bdcaa4fbe7f01413ed3d98077df798530e5b04f116c83"
            ],
            "version": "==0.2.5"
        },
        "websockets": {
            "hashes": [
                "sha256:0e4fb4de42701340bd2353bb2eee45314651caa6ccee80dbd5f5d5978888fed5",
                "sha256:1d3f1bf059d04a4e0eb4985a887d49195e15ebabc42364f4eb564b1d065793f5",
                "sha256:20891f0dddade307ffddf593c733a3fdb6b83e6f9eef85908113e628fa5a8308",
                "sha256:295359a2cc78736737dd88c343cd0747546b2174b5e1adc223824bcaf3e164cb",
                "sha256:2db62a9142e88535038a6bcfea70ef9447696ea77891aebb730a333a51ed559a",
                "sha256:3762791ab8b38948f0c4d281c8b2ddfa99b7e510e46bd8dfa942a5fff621068c",
                "sha256:3db87421956f1b0779a7564915875ba774295cc86e81bc671631379371af1170",
                "sha256:3ef56fcc7b1ff90de46ccd5a687bbd13a3180132268c4254fc0fa44ecf4fc422",
                "sha256:4f9f7d28ce1d8f1295717c2c25b732c2bc0645db3215cf757551c392177d7cb8",
                "sha256:5c01fd846263a75bc8a2b9542606927cfad57e7282965d96b93c387622487485",
                "sha256:5c65d2da8c6bce0fca2528f69f44b2f977e06954c8512a952222cea50dad430f",
                "sha256:751a556205d8245ff94aeef23546a1113b1dd4f6e4d102ded66c39b99c2ce6c8",
                "sha256:7ff46d441db78241f4c6c27b3868c9ae71473fe03341340d2dfdbe8d79310acc",
                "sha256:965889d9f0e2a75edd81a07592d0ced54daa5b0785f57dc429c378edbcffe779",
                "sha256:9b248ba3dd8a03b1a10b19efe7d4f7fa41d158fdaa95e2cf65af5a7b95a4f989",
                "sha256:9bef37ee224e104a413f0780e29adb3e514a5b698aabe0d969a6ba426b8435d1",
                "sha256:c1ec8db4fac31850286b7cd3b9c0e1b944204668b8eb721674916d4e28744092",
                "sha256:c8a116feafdb1f84607cb3b14aa1418424ae71fee131642fc568d21423b51824",
                "sha256:ce85b06a10fc65e6143518b96d3dca27b081a740bae261c2fb20375801a9d56d",
                "sha256:d705f8aeecdf3262379644e4b55107a3b55860eb812b673b28d0fbc347a60c55",
                "sha256:e898a0863421650f0bebac8ba40840fc02258ef4714cb7e1fd76b6a6354bda36",
                "sha256:f8a7bff6e8664afc4e6c28b983845c5bc14965030e3fb98789734d416af77c4b"
            ],
            "version": "==8.1"
        }
    },
    "develop": {
        "astroid": {
            "hashes": [
                "sha256:2f4078c2a41bf377eea06d71c9d2ba4eb8f6b1af2135bec27bbbb7d8f12bb703",
                "sha256:bc58d83eb610252fd8de6363e39d4f1d0619c894b0ed24603b881c02e64c7386"
            ],
            "version": "==2.4.2"
        },
        "isort": {
            "hashes": [
                "sha256:6187a9f1ce8784cbc6d1b88790a43e6083a6302f03e9ae482acc0f232a98c843",
                "sha256:c16eaa7432a1c004c585d79b12ad080c6c421dd18fe27982ca11f95e6898e432"
            ],
            "version": "==5.5.3"
        },
        "lazy-object-proxy": {
            "hashes": [
                "sha256:0c4b206227a8097f05c4dbdd323c50edf81f15db3b8dc064d08c62d37e1a504d",
                "sha256:194d092e6f246b906e8f70884e620e459fc54db3259e60cf69a4d66c3fda3449",
                "sha256:1be7e4c9f96948003609aa6c974ae59830a6baecc5376c25c92d7d697e684c08",
                "sha256:4677f594e474c91da97f489fea5b7daa17b5517190899cf213697e48d3902f5a",
                "sha256:48dab84ebd4831077b150572aec802f303117c8cc5c871e182447281ebf3ac50",
                "sha256:5541cada25cd173702dbd99f8e22434105456314462326f06dba3e180f203dfd",
                "sha256:59f79fef100b09564bc2df42ea2d8d21a64fdcda64979c0fa3db7bdaabaf6239",
                "sha256:8d859b89baf8ef7f8bc6b00aa20316483d67f0b1cbf422f5b4dc56701c8f2ffb",
                "sha256:9254f4358b9b541e3441b007a0ea0764b9d056afdeafc1a5569eee1cc6c1b9ea",
                "sha256:9651375199045a358eb6741df3e02a651e0330be090b3bc79f6d0de31a80ec3e",
                "sha256:97bb5884f6f1cdce0099f86b907aa41c970c3c672ac8b9c8352789e103cf3156",
                "sha256:9b15f3f4c0f35727d3a0fba4b770b3c4ebbb1fa907dbcc046a1d2799f3edd142",
                "sha256:a2238e9d1bb71a56cd710611a1614d1194dc10a175c1e08d75e1a7bcc250d442",
                "sha256:a6ae12d08c0bf9909ce12385803a543bfe99b95fe01e752536a60af2b7797c62",
                "sha256:ca0a928a3ddbc5725be2dd1cf895ec0a254798915fb3a36af0964a0a4149e3db",
                "sha256:cb2c7c57005a6804ab66f106ceb8482da55f5314b7fcb06551db1edae4ad1531",
                "sha256:d74bb8693bf9cf75ac3b47a54d716bbb1a92648d5f781fc799347cfc95952383",
                "sha256:d945239a5639b3ff35b70a88c5f2f491913eb94871780ebfabb2568bd58afc5a",
                "sha256:eba7011090323c1dadf18b3b689845fd96a61ba0a1dfbd7f24b921398affc357",
                "sha256:efa1909120ce98bbb3777e8b6f92237f5d5c8ea6758efea36a473e1d38f7d3e4",
                "sha256:f3900e8a5de27447acbf900b4750b0ddfd7ec1ea7fbaf11dfa911141bc522af0"
            ],
            "version": "==1.4.3"
        },
        "mccabe": {
            "hashes": [
                "sha256:ab8a6258860da4b6677da4bd2fe5dc2c659cff31b3ee4f7f5d64e79735b80d42",
                "sha256:dd8d182285a0fe56bace7f45b5e7d1a6ebcbf524e8f3bd87eb0f125271b8831f"
            ],
            "version": "==0.6.1"
        },
        "pylint": {
            "hashes": [
                "sha256:bb4a908c9dadbc3aac18860550e870f58e1a02c9f2c204fdf5693d73be061210",
                "sha256:bfe68f020f8a0fece830a22dd4d5dddb4ecc6137db04face4c3420a46a52239f"
            ],
            "index": "pypi",
            "version": "==2.6.0"
        },
        "six": {
            "hashes": [
                "sha256:30639c035cdb23534cd4aa2dd52c3bf48f06e5f4a941509c8bafd8ce11080259",
                "sha256:8b74bedcbbbaca38ff6d7491d76f2b06b3592611af620f8426e82dddb04a5ced"
            ],
            "version": "==1.15.0"
        },
        "toml": {
            "hashes": [
                "sha256:926b612be1e5ce0634a2ca03470f95169cf16f939018233a670519cb4ac58b0f",
                "sha256:bda89d5935c2eac546d648028b9901107a595863cb36bae0c73ac804a9b4ce88"
            ],
            "version": "==0.10.1"
        },
        "wrapt": {
            "hashes": [
                "sha256:b62ffa81fb85f4332a4f609cab4ac40709470da05643a082ec1eb88e6d9b97d7"
            ],
            "version": "==1.12.1"
        }
    }
}
